Microsoft Visual Studio Solution File, Format Version 12.00
# Visual Studio Version 17
Project("{9A19103F-16F7-4668-BE54-9A1E7A4F7556}") = "Nexoo.Api", "Nexoo.Api\Nexoo.Api.csproj", "{3F1B2C4D-5E6A-4B7C-8D9E-0A1B2C3D4E5F}"
EndProject
Global
	GlobalSection(SolutionConfigurationPlatforms) = preSolution
		Debug|Any CPU = Debug|Any CPU
		Release|Any CPU = Release|Any CPU
	EndGlobalSection
	GlobalSection(ProjectConfigurationPlatforms) = postSolution
		{3F1B2C4D-5E6A-4B7C-8D9E-0A1B2C3D4E5F}.Debug|Any CPU.ActiveCfg = Debug|Any CPU
		{3F1B2C4D-5E6A-4B7C-8D9E-0A1B2C3D4E5F}.Debug|Any CPU.Build.0 = Debug|Any CPU
		{3F1B2C4D-5E6A-4B7C-8D9E-0A1B2C3D4E5F}.Release|Any CPU.ActiveCfg = Release|Any CPU
		{3F1B2C4D-5E6A-4B7C-8D9E-0A1B2C3D4E5F}.Release|Any CPU.Build.0 = Release|Any CPU
	EndGlobalSection
EndGlobal
